
Microsoft Visual Studio Solution File, Format Version 12.00
# Visual Studio 15
VisualStudioVersion = 15.0.28010.2050
MinimumVisualStudioVersion = 10.0.40219.1
Project("{FAE04EC0-301F-11D3-BF4B-00C04F79EFBC}") = "BroadFileSystemAccessTestApp", "BroadFileSystemAccessTestApp\BroadFileSystemAccessTestApp.csproj", "{6BD3D80F-490D-4D29-B83A-3BA794AD007E}"
EndProject
Global
	GlobalSection(SolutionConfigurationPlatforms) = preSolution
		Debug|ARM = Debug|ARM
		Debug|x64 = Debug|x64
		Debug|x86 = Debug|x86
		Release|ARM = Release|ARM
		Release|x64 = Release|x64
		Release|x86 = Release|x86
	EndGlobalSection
	GlobalSection(ProjectConfigurationPlatforms) = postSolution
		{6BD3D80F-490D-4D29-B83A-3BA794AD007E}.Debug|ARM.ActiveCfg = Debug|ARM
		{6BD3D80F-490D-4D29-B83A-3BA794AD007E}.Debug|ARM.Build.0 = Debug|ARM
		{6BD3D80F-490D-4D29-B83A-3BA794AD007E}.Debug|ARM.Deploy.0 = Debug|ARM
		{6BD3D80F-490D-4D29-B83A-3BA794AD007E}.Debug|x64.ActiveCfg = Debug|x64
		{6BD3D80F-490D-4D29-B83A-3BA794AD007E}.Debug|x64.Build.0 = Debug|x64
		{6BD3D80F-490D-4D29-B83A-3BA794AD007E}.Debug|x64.Deploy.0 = Debug|x64
		{6BD3D80F-490D-4D29-B83A-3BA794AD007E}.Debug|x86.ActiveCfg = Debug|x86
		{6BD3D80F-490D-4D29-B83A-3BA794AD007E}.Debug|x86.Build.0 = Debug|x86
		{6BD3D80F-490D-4D29-B83A-3BA794AD007E}.Debug|x86.Deploy.0 = Debug|x86
		{6BD3D80F-490D-4D29-B83A-3BA794AD007E}.Release|ARM.ActiveCfg = Release|ARM
		{6BD3D80F-490D-4D29-B83A-3BA794AD007E}.Release|ARM.Build.0 = Release|ARM
		{6BD3D80F-490D-4D29-B83A-3BA794AD007E}.Release|ARM.Deploy.0 = Release|ARM
		{6BD3D80F-490D-4D29-B83A-3BA794AD007E}.Release|x64.ActiveCfg = Release|x64
		{6BD3D80F-490D-4D29-B83A-3BA794AD007E}.Release|x64.Build.0 = Release|x64
		{6BD3D80F-490D-4D29-B83A-3BA794AD007E}.Release|x64.Deploy.0 = Release|x64
		{6BD3D80F-490D-4D29-B83A-3BA794AD007E}.Release|x86.ActiveCfg = Release|x86
		{6BD3D80F-490D-4D29-B83A-3BA794AD007E}.Release|x86.Build.0 = Release|x86
		{6BD3D80F-490D-4D29-B83A-3BA794AD007E}.Release|x86.Deploy.0 = Release|x86
	EndGlobalSection
	GlobalSection(SolutionProperties) = preSolution
		HideSolutionNode = FALSE
	EndGlobalSection
	GlobalSection(ExtensibilityGlobals) = postSolution
		SolutionGuid = {97F5CCA7-7D14-449B-8A3C-55FB406F6E73}
	EndGlobalSection
EndGlobal
